
Microsoft Visual Studio Solution File, Format Version 12.00
# Visual Studio Version 17
VisualStudioVersion = 17.7.34202.233
MinimumVisualStudioVersion = 10.0.40219.1
Project("{9A19103F-16F7-4668-BE54-9A1E7A4F7556}") = "Feudal.Godot", "Feudal.Godot.csproj", "{04DB9B87-9E53-46BC-B358-EC3E44A4F2D8}"
EndProject
Project("{9A19103F-16F7-4668-BE54-9A1E7A4F7556}") = "Feudal.Interfaces", "..\Feudal.Interfaces\Feudal.Interfaces.csproj", "{49AD7436-C0C8-41FD-BDF3-E08F9BCD242C}"
EndProject
Project("{9A19103F-16F7-4668-BE54-9A1E7A4F7556}") = "Feudal.Sessions", "..\Feudal.Sessions\Feudal.Sessions.csproj", "{6628403E-8418-4ACB-8DA6-6F6DB8FC30BB}"
EndProject
Project("{9A19103F-16F7-4668-BE54-9A1E7A4F7556}") = "Feudal.Sessions.Builders", "..\Feudal.Sessions.Builders\Feudal.Sessions.Builders.csproj", "{06AECDF7-FA65-4E25-82C4-4F1C32FE50E9}"
EndProject
Project("{9A19103F-16F7-4668-BE54-9A1E7A4F7556}") = "Feudal.MessageBuses", "..\Feudal.MessageBuses\Feudal.MessageBuses.csproj", "{469EA79E-9952-408F-A7F7-DC8667E7A550}"
EndProject
Project("{9A19103F-16F7-4668-BE54-9A1E7A4F7556}") = "Feudal.MessageBuses.Interfaces", "..\Feudal.MessageBuses.Interfaces\Feudal.MessageBuses.Interfaces.csproj", "{F4F188CF-9644-4FD7-AC90-E118400030D9}"
EndProject
Project("{9A19103F-16F7-4668-BE54-9A1E7A4F7556}") = "Feudal.Messages", "..\Feudal.Messages\Feudal.Messages.csproj", "{4D010A5A-E4B5-4906-89D9-9F361FAC2BC2}"
EndProject
Project("{9A19103F-16F7-4668-BE54-9A1E7A4F7556}") = "Feudal.Clans", "..\Feudal.Clans\Feudal.Clans.csproj", "{B36CB9C4-1082-4CD7-A050-D04404799127}"
EndProject
Project("{9A19103F-16F7-4668-BE54-9A1E7A4F7556}") = "Feudal.Terrains", "..\Feudal.Terrains\Feudal.Terrains.csproj", "{C56AC85E-0431-4058-BF06-7159F8A81F59}"
EndProject
Project("{9A19103F-16F7-4668-BE54-9A1E7A4F7556}") = "Feudal.TerrainBuilders", "..\Feudal.TerrainBuilders\Feudal.TerrainBuilders.csproj", "{CAFC438B-EE3A-4128-87F6-F6F2D0FA82FD}"
EndProject
Project("{FAE04EC0-301F-11D3-BF4B-00C04F79EFBC}") = "Feudal.WorkHoods", "..\Feudal.WorkHoods\Feudal.WorkHoods.csproj", "{81F63078-BC53-485C-8ED2-BA5262DAB749}"
EndProject
Project("{FAE04EC0-301F-11D3-BF4B-00C04F79EFBC}") = "Feudal.Tasks", "..\Feudal.Tasks\Feudal.Tasks.csproj", "{07E86580-8743-431D-9E79-82289A37EE66}"
EndProject
Global
	GlobalSection(SolutionConfigurationPlatforms) = preSolution
		Debug|Any CPU = Debug|Any CPU
		ExportDebug|Any CPU = ExportDebug|Any CPU
		ExportRelease|Any CPU = ExportRelease|Any CPU
		Release|Any CPU = Release|Any CPU
	EndGlobalSection
	GlobalSection(ProjectConfigurationPlatforms) = postSolution
		{04DB9B87-9E53-46BC-B358-EC3E44A4F2D8}.Debug|Any CPU.ActiveCfg = Debug|Any CPU
		{04DB9B87-9E53-46BC-B358-EC3E44A4F2D8}.Debug|Any CPU.Build.0 = Debug|Any CPU
		{04DB9B87-9E53-46BC-B358-EC3E44A4F2D8}.ExportDebug|Any CPU.ActiveCfg = ExportDebug|Any CPU
		{04DB9B87-9E53-46BC-B358-EC3E44A4F2D8}.ExportDebug|Any CPU.Build.0 = ExportDebug|Any CPU
		{04DB9B87-9E53-46BC-B358-EC3E44A4F2D8}.ExportRelease|Any CPU.ActiveCfg = ExportRelease|Any CPU
		{04DB9B87-9E53-46BC-B358-EC3E44A4F2D8}.ExportRelease|Any CPU.Build.0 = ExportRelease|Any CPU
		{04DB9B87-9E53-46BC-B358-EC3E44A4F2D8}.Release|Any CPU.ActiveCfg = ExportRelease|Any CPU
		{04DB9B87-9E53-46BC-B358-EC3E44A4F2D8}.Release|Any CPU.Build.0 = ExportRelease|Any CPU
		{49AD7436-C0C8-41FD-BDF3-E08F9BCD242C}.Debug|Any CPU.ActiveCfg = Debug|Any CPU
		{49AD7436-C0C8-41FD-BDF3-E08F9BCD242C}.Debug|Any CPU.Build.0 = Debug|Any CPU
		{49AD7436-C0C8-41FD-BDF3-E08F9BCD242C}.ExportDebug|Any CPU.ActiveCfg = Debug|Any CPU
		{49AD7436-C0C8-41FD-BDF3-E08F9BCD242C}.ExportDebug|Any CPU.Build.0 = Debug|Any CPU
		{49AD7436-C0C8-41FD-BDF3-E08F9BCD242C}.ExportRelease|Any CPU.ActiveCfg = Release|Any CPU
		{49AD7436-C0C8-41FD-BDF3-E08F9BCD242C}.ExportRelease|Any CPU.Build.0 = Release|Any CPU
		{49AD7436-C0C8-41FD-BDF3-E08F9BCD242C}.Release|Any CPU.ActiveCfg = Release|Any CPU
		{49AD7436-C0C8-41FD-BDF3-E08F9BCD242C}.Release|Any CPU.Build.0 = Release|Any CPU
		{6628403E-8418-4ACB-8DA6-6F6DB8FC30BB}.Debug|Any CPU.ActiveCfg = Debug|Any CPU
		{6628403E-8418-4ACB-8DA6-6F6DB8FC30BB}.Debug|Any CPU.Build.0 = Debug|Any CPU
		{6628403E-8418-4ACB-8DA6-6F6DB8FC30BB}.ExportDebug|Any CPU.ActiveCfg = Debug|Any CPU
		{6628403E-8418-4ACB-8DA6-6F6DB8FC30BB}.ExportDebug|Any CPU.Build.0 = Debug|Any CPU
		{6628403E-8418-4ACB-8DA6-6F6DB8FC30BB}.ExportRelease|Any CPU.ActiveCfg = Release|Any CPU
		{6628403E-8418-4ACB-8DA6-6F6DB8FC30BB}.ExportRelease|Any CPU.Build.0 = Release|Any CPU
		{6628403E-8418-4ACB-8DA6-6F6DB8FC30BB}.Release|Any CPU.ActiveCfg = Release|Any CPU
		{6628403E-8418-4ACB-8DA6-6F6DB8FC30BB}.Release|Any CPU.Build.0 = Release|Any CPU
		{06AECDF7-FA65-4E25-82C4-4F1C32FE50E9}.Debug|Any CPU.ActiveCfg = Debug|Any CPU
		{06AECDF7-FA65-4E25-82C4-4F1C32FE50E9}.Debug|Any CPU.Build.0 = Debug|Any CPU
		{06AECDF7-FA65-4E25-82C4-4F1C32FE50E9}.ExportDebug|Any CPU.ActiveCfg = Debug|Any CPU
		{06AECDF7-FA65-4E25-82C4-4F1C32FE50E9}.ExportDebug|Any CPU.Build.0 = Debug|Any CPU
		{06AECDF7-FA65-4E25-82C4-4F1C32FE50E9}.ExportRelease|Any CPU.ActiveCfg = Release|Any CPU
		{06AECDF7-FA65-4E25-82C4-4F1C32FE50E9}.ExportRelease|Any CPU.Build.0 = Release|Any CPU
		{06AECDF7-FA65-4E25-82C4-4F1C32FE50E9}.Release|Any CPU.ActiveCfg = Release|Any CPU
		{06AECDF7-FA65-4E25-82C4-4F1C32FE50E9}.Release|Any CPU.Build.0 = Release|Any CPU
		{469EA79E-9952-408F-A7F7-DC8667E7A550}.Debug|Any CPU.ActiveCfg = Debug|Any CPU
		{469EA79E-9952-408F-A7F7-DC8667E7A550}.Debug|Any CPU.Build.0 = Debug|Any CPU
		{469EA79E-9952-408F-A7F7-DC8667E7A550}.ExportDebug|Any CPU.ActiveCfg = Debug|Any CPU
		{469EA79E-9952-408F-A7F7-DC8667E7A550}.ExportDebug|Any CPU.Build.0 = Debug|Any CPU
		{469EA79E-9952-408F-A7F7-DC8667E7A550}.ExportRelease|Any CPU.ActiveCfg = Release|Any CPU
		{469EA79E-9952-408F-A7F7-DC8667E7A550}.ExportRelease|Any CPU.Build.0 = Release|Any CPU
		{469EA79E-9952-408F-A7F7-DC8667E7A550}.Release|Any CPU.ActiveCfg = Release|Any CPU
		{469EA79E-9952-408F-A7F7-DC8667E7A550}.Release|Any CPU.Build.0 = Release|Any CPU
		{F4F188CF-9644-4FD7-AC90-E118400030D9}.Debug|Any CPU.ActiveCfg = Debug|Any CPU
		{F4F188CF-9644-4FD7-AC90-E118400030D9}.Debug|Any CPU.Build.0 = Debug|Any CPU
		{F4F188CF-9644-4FD7-AC90-E118400030D9}.ExportDebug|Any CPU.ActiveCfg = Debug|Any CPU
		{F4F188CF-9644-4FD7-AC90-E118400030D9}.ExportDebug|Any CPU.Build.0 = Debug|Any CPU
		{F4F188CF-9644-4FD7-AC90-E118400030D9}.ExportRelease|Any CPU.ActiveCfg = Release|Any CPU
		{F4F188CF-9644-4FD7-AC90-E118400030D9}.ExportRelease|Any CPU.Build.0 = Release|Any CPU
		{F4F188CF-9644-4FD7-AC90-E118400030D9}.Release|Any CPU.ActiveCfg = Release|Any CPU
		{F4F188CF-9644-4FD7-AC90-E118400030D9}.Release|Any CPU.Build.0 = Release|Any CPU
		{4D010A5A-E4B5-4906-89D9-9F361FAC2BC2}.Debug|Any CPU.ActiveCfg = Debug|Any CPU
		{4D010A5A-E4B5-4906-89D9-9F361FAC2BC2}.Debug|Any CPU.Build.0 = Debug|Any CPU
		{4D010A5A-E4B5-4906-89D9-9F361FAC2BC2}.ExportDebug|Any CPU.ActiveCfg = Debug|Any CPU
		{4D010A5A-E4B5-4906-89D9-9F361FAC2BC2}.ExportDebug|Any CPU.Build.0 = Debug|Any CPU
		{4D010A5A-E4B5-4906-89D9-9F361FAC2BC2}.ExportRelease|Any CPU.ActiveCfg = Release|Any CPU
		{4D010A5A-E4B5-4906-89D9-9F361FAC2BC2}.ExportRelease|Any CPU.Build.0 = Release|Any CPU
		{4D010A5A-E4B5-4906-89D9-9F361FAC2BC2}.Release|Any CPU.ActiveCfg = Release|Any CPU
		{4D010A5A-E4B5-4906-89D9-9F361FAC2BC2}.Release|Any CPU.Build.0 = Release|Any CPU
		{B36CB9C4-1082-4CD7-A050-D04404799127}.Debug|Any CPU.ActiveCfg = Debug|Any CPU
		{B36CB9C4-1082-4CD7-A050-D04404799127}.Debug|Any CPU.Build.0 = Debug|Any CPU
		{B36CB9C4-1082-4CD7-A050-D04404799127}.ExportDebug|Any CPU.ActiveCfg = Debug|Any CPU
		{B36CB9C4-1082-4CD7-A050-D04404799127}.ExportDebug|Any CPU.Build.0 = Debug|Any CPU
		{B36CB9C4-1082-4CD7-A050-D04404799127}.ExportRelease|Any CPU.ActiveCfg = Release|Any CPU
		{B36CB9C4-1082-4CD7-A050-D04404799127}.ExportRelease|Any CPU.Build.0 = Release|Any CPU
		{B36CB9C4-1082-4CD7-A050-D04404799127}.Release|Any CPU.ActiveCfg = Release|Any CPU
		{B36CB9C4-1082-4CD7-A050-D04404799127}.Release|Any CPU.Build.0 = Release|Any CPU
		{C56AC85E-0431-4058-BF06-7159F8A81F59}.Debug|Any CPU.ActiveCfg = Debug|Any CPU
		{C56AC85E-0431-4058-BF06-7159F8A81F59}.Debug|Any CPU.Build.0 = Debug|Any CPU
		{C56AC85E-0431-4058-BF06-7159F8A81F59}.ExportDebug|Any CPU.ActiveCfg = Debug|Any CPU
		{C56AC85E-0431-4058-BF06-7159F8A81F59}.ExportDebug|Any CPU.Build.0 = Debug|Any CPU
		{C56AC85E-0431-4058-BF06-7159F8A81F59}.ExportRelease|Any CPU.ActiveCfg = Release|Any CPU
		{C56AC85E-0431-4058-BF06-7159F8A81F59}.ExportRelease|Any CPU.Build.0 = Release|Any CPU
		{C56AC85E-0431-4058-BF06-7159F8A81F59}.Release|Any CPU.ActiveCfg = Release|Any CPU
		{C56AC85E-0431-4058-BF06-7159F8A81F59}.Release|Any CPU.Build.0 = Release|Any CPU
		{CAFC438B-EE3A-4128-87F6-F6F2D0FA82FD}.Debug|Any CPU.ActiveCfg = Debug|Any CPU
		{CAFC438B-EE3A-4128-87F6-F6F2D0FA82FD}.Debug|Any CPU.Build.0 = Debug|Any CPU
		{CAFC438B-EE3A-4128-87F6-F6F2D0FA82FD}.ExportDebug|Any CPU.ActiveCfg = Debug|Any CPU
		{CAFC438B-EE3A-4128-87F6-F6F2D0FA82FD}.ExportDebug|Any CPU.Build.0 = Debug|Any CPU
		{CAFC438B-EE3A-4128-87F6-F6F2D0FA82FD}.ExportRelease|Any CPU.ActiveCfg = Release|Any CPU
		{CAFC438B-EE3A-4128-87F6-F6F2D0FA82FD}.ExportRelease|Any CPU.Build.0 = Release|Any CPU
		{CAFC438B-EE3A-4128-87F6-F6F2D0FA82FD}.Release|Any CPU.ActiveCfg = Release|Any CPU
		{CAFC438B-EE3A-4128-87F6-F6F2D0FA82FD}.Release|Any CPU.Build.0 = Release|Any CPU
		{81F63078-BC53-485C-8ED2-BA5262DAB749}.Debug|Any CPU.ActiveCfg = Debug|Any CPU
		{81F63078-BC53-485C-8ED2-BA5262DAB749}.Debug|Any CPU.Build.0 = Debug|Any CPU
		{81F63078-BC53-485C-8ED2-BA5262DAB749}.ExportDebug|Any CPU.ActiveCfg = Debug|Any CPU
		{81F63078-BC53-485C-8ED2-BA5262DAB749}.ExportDebug|Any CPU.Build.0 = Debug|Any CPU
		{81F63078-BC53-485C-8ED2-BA5262DAB749}.ExportRelease|Any CPU.ActiveCfg = Release|Any CPU
		{81F63078-BC53-485C-8ED2-BA5262DAB749}.ExportRelease|Any CPU.Build.0 = Release|Any CPU
		{81F63078-BC53-485C-8ED2-BA5262DAB749}.Release|Any CPU.ActiveCfg = Release|Any CPU
		{81F63078-BC53-485C-8ED2-BA5262DAB749}.Release|Any CPU.Build.0 = Release|Any CPU
		{07E86580-8743-431D-9E79-82289A37EE66}.Debug|Any CPU.ActiveCfg = Debug|Any CPU
		{07E86580-8743-431D-9E79-82289A37EE66}.Debug|Any CPU.Build.0 = Debug|Any CPU
		{07E86580-8743-431D-9E79-82289A37EE66}.ExportDebug|Any CPU.ActiveCfg = Debug|Any CPU
		{07E86580-8743-431D-9E79-82289A37EE66}.ExportDebug|Any CPU.Build.0 = Debug|Any CPU
		{07E86580-8743-431D-9E79-82289A37EE66}.ExportRelease|Any CPU.ActiveCfg = Release|Any CPU
		{07E86580-8743-431D-9E79-82289A37EE66}.ExportRelease|Any CPU.Build.0 = Release|Any CPU
		{07E86580-8743-431D-9E79-82289A37EE66}.Release|Any CPU.ActiveCfg = Release|Any CPU
		{07E86580-8743-431D-9E79-82289A37EE66}.Release|Any CPU.Build.0 = Release|Any CPU
	EndGlobalSection
	GlobalSection(SolutionProperties) = preSolution
		HideSolutionNode = FALSE
	EndGlobalSection
	GlobalSection(ExtensibilityGlobals) = postSolution
		SolutionGuid = {ABEB601C-35DC-4D85-980D-F6A91F3CA3EA}
	EndGlobalSection
EndGlobal
